{
  "nodes": {
    "nixpkgs": {
      "locked": {
        "lastModified": 1690726002,
        "narHash": "sha256-cACz6jCJZtsZHGCJAN4vMobxzH5s6FCOTZHMrh/Hu0M=",
        "owner": "NixOS",
        "repo": "nixpkgs",
        "rev": "391e8db1f06c3f74c2d313a73135515023af3993",
        "type": "github"
      },
      "original": {
        "owner": "NixOS",
        "ref": "release-23.05",
        "repo": "nixpkgs",
        "type": "github"
      }
    },
    "root": {
      "inputs": {
        "nixpkgs": "nixpkgs"
      }
    }
  },
  "root": "root",
  "version": 7
}
