{
  "nodes": {
    "nixpkgs": {
      "locked": {
        "lastModified": 1741181794,
        "narHash": "sha256-KaY79mvudbMfufn3FW2Yzx/hiF848gj5y1rMjS/U8fA=",
        "owner": "NixOS",
        "repo": "nixpkgs",
        "rev": "bb1b98cea759f3739d88b1a6a0d379d61aaf5573",
        "type": "github"
      },
      "original": {
        "owner": "NixOS",
        "ref": "release-24.11",
        "repo": "nixpkgs",
        "type": "github"
      }
    },
    "root": {
      "inputs": {
        "nixpkgs": "nixpkgs"
      }
    }
  },
  "root": "root",
  "version": 7
}
